
Microsoft Visual Studio Solution File, Format Version 10.00
# Visual Studio 2008
Project("{FAE04EC0-301F-11D3-BF4B-00C04F79EFBC}") = "Test_Bulk", "Test_Bulk\Test_Bulk.csproj", "{2AA77B1D-5F6B-4206-954C-ED8D6E7DEA1B}"
EndProject
Project("{FAE04EC0-301F-11D3-BF4B-00C04F79EFBC}") = "Benchmark", "Benchmark\Benchmark.csproj", "{A379842D-C4E3-41E1-BE82-4041293AC225}"
EndProject
Project("{FAE04EC0-301F-11D3-BF4B-00C04F79EFBC}") = "LibUsbDotNet", "LibWinUsb\LibUsbDotNet.csproj", "{0A78F6FF-5586-4052-8104-E23FF83A7CE1}"
EndProject
Project("{FAE04EC0-301F-11D3-BF4B-00C04F79EFBC}") = "Test_DeviceNotify", "Test_DeviceNotify\Test_DeviceNotify.csproj", "{7E081E3A-C557-4303-93EB-FFE2DA8DAB68}"
EndProject
Project("{FAE04EC0-301F-11D3-BF4B-00C04F79EFBC}") = "Test_Info", "Test_Info\Test_Info.csproj", "{3EFEDA92-CAE3-4585-A519-439ACD58468A}"
EndProject
Project("{2150E333-8FDC-42A3-9474-1A3956D46DE8}") = "Examples", "Examples", "{5E024A6D-DD45-421A-BF51-73DBA0A27E53}"
EndProject
Project("{FAE04EC0-301F-11D3-BF4B-00C04F79EFBC}") = "Read.Write", "Examples\Read.Write\Read.Write.csproj", "{4030AC2F-4073-4F33-A529-6AF5B5D99B45}"
EndProject
Project("{FAE04EC0-301F-11D3-BF4B-00C04F79EFBC}") = "Read.Write.Event", "Examples\Read.Write.Event\Read.Write.Event.csproj", "{CCDBE804-2312-444D-B7E7-C63FF1469795}"
EndProject
Project("{FAE04EC0-301F-11D3-BF4B-00C04F79EFBC}") = "Device.Notification", "Examples\Device.Notification\Device.Notification.csproj", "{A893CFAA-FCDF-4055-A8D4-435CDE59445F}"
EndProject
Project("{FAE04EC0-301F-11D3-BF4B-00C04F79EFBC}") = "Read.Only", "Examples\Read.Only\Read.Only.csproj", "{1133D96A-E8E5-4C70-8E17-B9226A78093C}"
EndProject
Project("{FAE04EC0-301F-11D3-BF4B-00C04F79EFBC}") = "Show.Info", "Examples\Show.Info\Show.Info.csproj", "{F7069C5F-8327-471A-9C13-9764C11E3A56}"
EndProject
Project("{FAE04EC0-301F-11D3-BF4B-00C04F79EFBC}") = "Read.Write.Async", "Examples\Read.Write.Async\Read.Write.Async.csproj", "{C67D8BD5-18C4-4D1D-83E6-03E04660884D}"
EndProject
Project("{FAE04EC0-301F-11D3-BF4B-00C04F79EFBC}") = "InfWizard", "InfWizard\InfWizard.csproj", "{EB5488BF-EA9C-4920-84CB-6C2652A4F163}"
EndProject
Project("{2150E333-8FDC-42A3-9474-1A3956D46DE8}") = "MonoLibUsb", "MonoLibUsb", "{362D3C07-F227-4E70-BA83-A3A6003AA1BE}"
EndProject
Project("{FAE04EC0-301F-11D3-BF4B-00C04F79EFBC}") = "MonoUsb.ShowInfo", "MonoLibUsb\MonoUsb.ShowInfo\MonoUsb.ShowInfo.csproj", "{93531142-EF4A-4406-BBF7-A900327D2566}"
EndProject
Project("{FAE04EC0-301F-11D3-BF4B-00C04F79EFBC}") = "MonoUsb.BulkReadWrite", "MonoLibUsb\MonoUsb.BulkReadWrite\MonoUsb.BulkReadWrite.csproj", "{72CADC24-3ED8-4C14-8945-297A3B4235BA}"
EndProject
Project("{FAE04EC0-301F-11D3-BF4B-00C04F79EFBC}") = "MonoUsb.ShowConfig", "MonoLibUsb\MonoUsb.ShowConfig\MonoUsb.ShowConfig.csproj", "{88B42AE9-58FA-4669-A746-05DA78EFCC01}"
EndProject
Project("{FAE04EC0-301F-11D3-BF4B-00C04F79EFBC}") = "MonoUsb.Async.ControlIO", "MonoLibUsb\MonoUsb.Async.ControlIO\MonoUsb.Async.ControlIO.csproj", "{2B770F5C-421A-4C39-8933-C1DE62F025E6}"
EndProject
Project("{FAE04EC0-301F-11D3-BF4B-00C04F79EFBC}") = "BenchmarkCon", "BenchmarkCon\BenchmarkCon.csproj", "{D1D2E921-F735-4D04-B6B4-6F9A4B70F749}"
EndProject
Project("{FAE04EC0-301F-11D3-BF4B-00C04F79EFBC}") = "Read.Isochronous", "Examples\Read.Isochronous\Read.Isochronous.csproj", "{4581EC5B-EB14-4B1A-A85B-9D3B1087DBBE}"
EndProject
Global
	GlobalSection(SolutionConfigurationPlatforms) = preSolution
		Debug|Any CPU = Debug|Any CPU
		Debug|x86 = Debug|x86
		Release|Any CPU = Release|Any CPU
		Release|x86 = Release|x86
	EndGlobalSection
	GlobalSection(ProjectConfigurationPlatforms) = postSolution
		{2AA77B1D-5F6B-4206-954C-ED8D6E7DEA1B}.Debug|Any CPU.ActiveCfg = Debug|Any CPU
		{2AA77B1D-5F6B-4206-954C-ED8D6E7DEA1B}.Debug|Any CPU.Build.0 = Debug|Any CPU
		{2AA77B1D-5F6B-4206-954C-ED8D6E7DEA1B}.Debug|x86.ActiveCfg = Debug|x86
		{2AA77B1D-5F6B-4206-954C-ED8D6E7DEA1B}.Debug|x86.Build.0 = Debug|x86
		{2AA77B1D-5F6B-4206-954C-ED8D6E7DEA1B}.Release|Any CPU.ActiveCfg = Release|Any CPU
		{2AA77B1D-5F6B-4206-954C-ED8D6E7DEA1B}.Release|Any CPU.Build.0 = Release|Any CPU
		{2AA77B1D-5F6B-4206-954C-ED8D6E7DEA1B}.Release|x86.ActiveCfg = Release|x86
		{2AA77B1D-5F6B-4206-954C-ED8D6E7DEA1B}.Release|x86.Build.0 = Release|x86
		{A379842D-C4E3-41E1-BE82-4041293AC225}.Debug|Any CPU.ActiveCfg = Debug|Any CPU
		{A379842D-C4E3-41E1-BE82-4041293AC225}.Debug|Any CPU.Build.0 = Debug|Any CPU
		{A379842D-C4E3-41E1-BE82-4041293AC225}.Debug|x86.ActiveCfg = Debug|x86
		{A379842D-C4E3-41E1-BE82-4041293AC225}.Debug|x86.Build.0 = Debug|x86
		{A379842D-C4E3-41E1-BE82-4041293AC225}.Release|Any CPU.ActiveCfg = Release|Any CPU
		{A379842D-C4E3-41E1-BE82-4041293AC225}.Release|Any CPU.Build.0 = Release|Any CPU
		{A379842D-C4E3-41E1-BE82-4041293AC225}.Release|x86.ActiveCfg = Release|x86
		{A379842D-C4E3-41E1-BE82-4041293AC225}.Release|x86.Build.0 = Release|x86
		{0A78F6FF-5586-4052-8104-E23FF83A7CE1}.Debug|Any CPU.ActiveCfg = Debug|Any CPU
		{0A78F6FF-5586-4052-8104-E23FF83A7CE1}.Debug|Any CPU.Build.0 = Debug|Any CPU
		{0A78F6FF-5586-4052-8104-E23FF83A7CE1}.Debug|x86.ActiveCfg = Debug|x86
		{0A78F6FF-5586-4052-8104-E23FF83A7CE1}.Debug|x86.Build.0 = Debug|x86
		{0A78F6FF-5586-4052-8104-E23FF83A7CE1}.Release|Any CPU.ActiveCfg = Release|Any CPU
		{0A78F6FF-5586-4052-8104-E23FF83A7CE1}.Release|Any CPU.Build.0 = Release|Any CPU
		{0A78F6FF-5586-4052-8104-E23FF83A7CE1}.Release|x86.ActiveCfg = Release|x86
		{0A78F6FF-5586-4052-8104-E23FF83A7CE1}.Release|x86.Build.0 = Release|x86
		{7E081E3A-C557-4303-93EB-FFE2DA8DAB68}.Debug|Any CPU.ActiveCfg = Debug|Any CPU
		{7E081E3A-C557-4303-93EB-FFE2DA8DAB68}.Debug|Any CPU.Build.0 = Debug|Any CPU
		{7E081E3A-C557-4303-93EB-FFE2DA8DAB68}.Debug|x86.ActiveCfg = Debug|x86
		{7E081E3A-C557-4303-93EB-FFE2DA8DAB68}.Debug|x86.Build.0 = Debug|x86
		{7E081E3A-C557-4303-93EB-FFE2DA8DAB68}.Release|Any CPU.ActiveCfg = Release|Any CPU
		{7E081E3A-C557-4303-93EB-FFE2DA8DAB68}.Release|Any CPU.Build.0 = Release|Any CPU
		{7E081E3A-C557-4303-93EB-FFE2DA8DAB68}.Release|x86.ActiveCfg = Release|x86
		{7E081E3A-C557-4303-93EB-FFE2DA8DAB68}.Release|x86.Build.0 = Release|x86
		{3EFEDA92-CAE3-4585-A519-439ACD58468A}.Debug|Any CPU.ActiveCfg = Debug|Any CPU
		{3EFEDA92-CAE3-4585-A519-439ACD58468A}.Debug|Any CPU.Build.0 = Debug|Any CPU
		{3EFEDA92-CAE3-4585-A519-439ACD58468A}.Debug|x86.ActiveCfg = Debug|x86
		{3EFEDA92-CAE3-4585-A519-439ACD58468A}.Debug|x86.Build.0 = Debug|x86
		{3EFEDA92-CAE3-4585-A519-439ACD58468A}.Release|Any CPU.ActiveCfg = Release|Any CPU
		{3EFEDA92-CAE3-4585-A519-439ACD58468A}.Release|Any CPU.Build.0 = Release|Any CPU
		{3EFEDA92-CAE3-4585-A519-439ACD58468A}.Release|x86.ActiveCfg = Release|x86
		{3EFEDA92-CAE3-4585-A519-439ACD58468A}.Release|x86.Build.0 = Release|x86
		{4030AC2F-4073-4F33-A529-6AF5B5D99B45}.Debug|Any CPU.ActiveCfg = Debug|Any CPU
		{4030AC2F-4073-4F33-A529-6AF5B5D99B45}.Debug|Any CPU.Build.0 = Debug|Any CPU
		{4030AC2F-4073-4F33-A529-6AF5B5D99B45}.Debug|x86.ActiveCfg = Debug|x86
		{4030AC2F-4073-4F33-A529-6AF5B5D99B45}.Debug|x86.Build.0 = Debug|x86
		{4030AC2F-4073-4F33-A529-6AF5B5D99B45}.Release|Any CPU.ActiveCfg = Release|Any CPU
		{4030AC2F-4073-4F33-A529-6AF5B5D99B45}.Release|Any CPU.Build.0 = Release|Any CPU
		{4030AC2F-4073-4F33-A529-6AF5B5D99B45}.Release|x86.ActiveCfg = Release|x86
		{4030AC2F-4073-4F33-A529-6AF5B5D99B45}.Release|x86.Build.0 = Release|x86
		{CCDBE804-2312-444D-B7E7-C63FF1469795}.Debug|Any CPU.ActiveCfg = Debug|Any CPU
		{CCDBE804-2312-444D-B7E7-C63FF1469795}.Debug|Any CPU.Build.0 = Debug|Any CPU
		{CCDBE804-2312-444D-B7E7-C63FF1469795}.Debug|x86.ActiveCfg = Debug|x86
		{CCDBE804-2312-444D-B7E7-C63FF1469795}.Debug|x86.Build.0 = Debug|x86
		{CCDBE804-2312-444D-B7E7-C63FF1469795}.Release|Any CPU.ActiveCfg = Release|Any CPU
		{CCDBE804-2312-444D-B7E7-C63FF1469795}.Release|Any CPU.Build.0 = Release|Any CPU
		{CCDBE804-2312-444D-B7E7-C63FF1469795}.Release|x86.ActiveCfg = Release|x86
		{CCDBE804-2312-444D-B7E7-C63FF1469795}.Release|x86.Build.0 = Release|x86
		{A893CFAA-FCDF-4055-A8D4-435CDE59445F}.Debug|Any CPU.ActiveCfg = Debug|Any CPU
		{A893CFAA-FCDF-4055-A8D4-435CDE59445F}.Debug|Any CPU.Build.0 = Debug|Any CPU
		{A893CFAA-FCDF-4055-A8D4-435CDE59445F}.Debug|x86.ActiveCfg = Debug|x86
		{A893CFAA-FCDF-4055-A8D4-435CDE59445F}.Debug|x86.Build.0 = Debug|x86
		{A893CFAA-FCDF-4055-A8D4-435CDE59445F}.Release|Any CPU.ActiveCfg = Release|Any CPU
		{A893CFAA-FCDF-4055-A8D4-435CDE59445F}.Release|Any CPU.Build.0 = Release|Any CPU
		{A893CFAA-FCDF-4055-A8D4-435CDE59445F}.Release|x86.ActiveCfg = Release|x86
		{A893CFAA-FCDF-4055-A8D4-435CDE59445F}.Release|x86.Build.0 = Release|x86
		{1133D96A-E8E5-4C70-8E17-B9226A78093C}.Debug|Any CPU.ActiveCfg = Debug|Any CPU
		{1133D96A-E8E5-4C70-8E17-B9226A78093C}.Debug|Any CPU.Build.0 = Debug|Any CPU
		{1133D96A-E8E5-4C70-8E17-B9226A78093C}.Debug|x86.ActiveCfg = Debug|x86
		{1133D96A-E8E5-4C70-8E17-B9226A78093C}.Debug|x86.Build.0 = Debug|x86
		{1133D96A-E8E5-4C70-8E17-B9226A78093C}.Release|Any CPU.ActiveCfg = Release|Any CPU
		{1133D96A-E8E5-4C70-8E17-B9226A78093C}.Release|Any CPU.Build.0 = Release|Any CPU
		{1133D96A-E8E5-4C70-8E17-B9226A78093C}.Release|x86.ActiveCfg = Release|x86
		{1133D96A-E8E5-4C70-8E17-B9226A78093C}.Release|x86.Build.0 = Release|x86
		{F7069C5F-8327-471A-9C13-9764C11E3A56}.Debug|Any CPU.ActiveCfg = Debug|Any CPU
		{F7069C5F-8327-471A-9C13-9764C11E3A56}.Debug|Any CPU.Build.0 = Debug|Any CPU
		{F7069C5F-8327-471A-9C13-9764C11E3A56}.Debug|x86.ActiveCfg = Debug|x86
		{F7069C5F-8327-471A-9C13-9764C11E3A56}.Debug|x86.Build.0 = Debug|x86
		{F7069C5F-8327-471A-9C13-9764C11E3A56}.Release|Any CPU.ActiveCfg = Release|Any CPU
		{F7069C5F-8327-471A-9C13-9764C11E3A56}.Release|Any CPU.Build.0 = Release|Any CPU
		{F7069C5F-8327-471A-9C13-9764C11E3A56}.Release|x86.ActiveCfg = Release|x86
		{F7069C5F-8327-471A-9C13-9764C11E3A56}.Release|x86.Build.0 = Release|x86
		{C67D8BD5-18C4-4D1D-83E6-03E04660884D}.Debug|Any CPU.ActiveCfg = Debug|Any CPU
		{C67D8BD5-18C4-4D1D-83E6-03E04660884D}.Debug|Any CPU.Build.0 = Debug|Any CPU
		{C67D8BD5-18C4-4D1D-83E6-03E04660884D}.Debug|x86.ActiveCfg = Debug|x86
		{C67D8BD5-18C4-4D1D-83E6-03E04660884D}.Debug|x86.Build.0 = Debug|x86
		{C67D8BD5-18C4-4D1D-83E6-03E04660884D}.Release|Any CPU.ActiveCfg = Release|Any CPU
		{C67D8BD5-18C4-4D1D-83E6-03E04660884D}.Release|Any CPU.Build.0 = Release|Any CPU
		{C67D8BD5-18C4-4D1D-83E6-03E04660884D}.Release|x86.ActiveCfg = Release|x86
		{C67D8BD5-18C4-4D1D-83E6-03E04660884D}.Release|x86.Build.0 = Release|x86
		{EB5488BF-EA9C-4920-84CB-6C2652A4F163}.Debug|Any CPU.ActiveCfg = Debug|Any CPU
		{EB5488BF-EA9C-4920-84CB-6C2652A4F163}.Debug|Any CPU.Build.0 = Debug|Any CPU
		{EB5488BF-EA9C-4920-84CB-6C2652A4F163}.Debug|x86.ActiveCfg = Debug|x86
		{EB5488BF-EA9C-4920-84CB-6C2652A4F163}.Debug|x86.Build.0 = Debug|x86
		{EB5488BF-EA9C-4920-84CB-6C2652A4F163}.Release|Any CPU.ActiveCfg = Release|Any CPU
		{EB5488BF-EA9C-4920-84CB-6C2652A4F163}.Release|Any CPU.Build.0 = Release|Any CPU
		{EB5488BF-EA9C-4920-84CB-6C2652A4F163}.Release|x86.ActiveCfg = Release|x86
		{EB5488BF-EA9C-4920-84CB-6C2652A4F163}.Release|x86.Build.0 = Release|x86
		{93531142-EF4A-4406-BBF7-A900327D2566}.Debug|Any CPU.ActiveCfg = Debug|Any CPU
		{93531142-EF4A-4406-BBF7-A900327D2566}.Debug|Any CPU.Build.0 = Debug|Any CPU
		{93531142-EF4A-4406-BBF7-A900327D2566}.Debug|x86.ActiveCfg = Debug|x86
		{93531142-EF4A-4406-BBF7-A900327D2566}.Debug|x86.Build.0 = Debug|x86
		{93531142-EF4A-4406-BBF7-A900327D2566}.Release|Any CPU.ActiveCfg = Release|Any CPU
		{93531142-EF4A-4406-BBF7-A900327D2566}.Release|Any CPU.Build.0 = Release|Any CPU
		{93531142-EF4A-4406-BBF7-A900327D2566}.Release|x86.ActiveCfg = Release|x86
		{93531142-EF4A-4406-BBF7-A900327D2566}.Release|x86.Build.0 = Release|x86
		{72CADC24-3ED8-4C14-8945-297A3B4235BA}.Debug|Any CPU.ActiveCfg = Debug|Any CPU
		{72CADC24-3ED8-4C14-8945-297A3B4235BA}.Debug|Any CPU.Build.0 = Debug|Any CPU
		{72CADC24-3ED8-4C14-8945-297A3B4235BA}.Debug|x86.ActiveCfg = Debug|x86
		{72CADC24-3ED8-4C14-8945-297A3B4235BA}.Debug|x86.Build.0 = Debug|x86
		{72CADC24-3ED8-4C14-8945-297A3B4235BA}.Release|Any CPU.ActiveCfg = Release|Any CPU
		{72CADC24-3ED8-4C14-8945-297A3B4235BA}.Release|Any CPU.Build.0 = Release|Any CPU
		{72CADC24-3ED8-4C14-8945-297A3B4235BA}.Release|x86.ActiveCfg = Release|x86
		{72CADC24-3ED8-4C14-8945-297A3B4235BA}.Release|x86.Build.0 = Release|x86
		{88B42AE9-58FA-4669-A746-05DA78EFCC01}.Debug|Any CPU.ActiveCfg = Debug|Any CPU
		{88B42AE9-58FA-4669-A746-05DA78EFCC01}.Debug|Any CPU.Build.0 = Debug|Any CPU
		{88B42AE9-58FA-4669-A746-05DA78EFCC01}.Debug|x86.ActiveCfg = Debug|x86
		{88B42AE9-58FA-4669-A746-05DA78EFCC01}.Debug|x86.Build.0 = Debug|x86
		{88B42AE9-58FA-4669-A746-05DA78EFCC01}.Release|Any CPU.ActiveCfg = Release|Any CPU
		{88B42AE9-58FA-4669-A746-05DA78EFCC01}.Release|Any CPU.Build.0 = Release|Any CPU
		{88B42AE9-58FA-4669-A746-05DA78EFCC01}.Release|x86.ActiveCfg = Release|x86
		{88B42AE9-58FA-4669-A746-05DA78EFCC01}.Release|x86.Build.0 = Release|x86
		{2B770F5C-421A-4C39-8933-C1DE62F025E6}.Debug|Any CPU.ActiveCfg = Debug|Any CPU
		{2B770F5C-421A-4C39-8933-C1DE62F025E6}.Debug|Any CPU.Build.0 = Debug|Any CPU
		{2B770F5C-421A-4C39-8933-C1DE62F025E6}.Debug|x86.ActiveCfg = Debug|x86
		{2B770F5C-421A-4C39-8933-C1DE62F025E6}.Debug|x86.Build.0 = Debug|x86
		{2B770F5C-421A-4C39-8933-C1DE62F025E6}.Release|Any CPU.ActiveCfg = Release|Any CPU
		{2B770F5C-421A-4C39-8933-C1DE62F025E6}.Release|Any CPU.Build.0 = Release|Any CPU
		{2B770F5C-421A-4C39-8933-C1DE62F025E6}.Release|x86.ActiveCfg = Release|x86
		{2B770F5C-421A-4C39-8933-C1DE62F025E6}.Release|x86.Build.0 = Release|x86
		{D1D2E921-F735-4D04-B6B4-6F9A4B70F749}.Debug|Any CPU.ActiveCfg = Debug|Any CPU
		{D1D2E921-F735-4D04-B6B4-6F9A4B70F749}.Debug|Any CPU.Build.0 = Debug|Any CPU
		{D1D2E921-F735-4D04-B6B4-6F9A4B70F749}.Debug|x86.ActiveCfg = Debug|x86
		{D1D2E921-F735-4D04-B6B4-6F9A4B70F749}.Debug|x86.Build.0 = Debug|x86
		{D1D2E921-F735-4D04-B6B4-6F9A4B70F749}.Release|Any CPU.ActiveCfg = Release|Any CPU
		{D1D2E921-F735-4D04-B6B4-6F9A4B70F749}.Release|Any CPU.Build.0 = Release|Any CPU
		{D1D2E921-F735-4D04-B6B4-6F9A4B70F749}.Release|x86.ActiveCfg = Release|x86
		{D1D2E921-F735-4D04-B6B4-6F9A4B70F749}.Release|x86.Build.0 = Release|x86
		{4581EC5B-EB14-4B1A-A85B-9D3B1087DBBE}.Debug|Any CPU.ActiveCfg = Debug|Any CPU
		{4581EC5B-EB14-4B1A-A85B-9D3B1087DBBE}.Debug|Any CPU.Build.0 = Debug|Any CPU
		{4581EC5B-EB14-4B1A-A85B-9D3B1087DBBE}.Debug|x86.ActiveCfg = Debug|x86
		{4581EC5B-EB14-4B1A-A85B-9D3B1087DBBE}.Debug|x86.Build.0 = Debug|x86
		{4581EC5B-EB14-4B1A-A85B-9D3B1087DBBE}.Release|Any CPU.ActiveCfg = Release|Any CPU
		{4581EC5B-EB14-4B1A-A85B-9D3B1087DBBE}.Release|Any CPU.Build.0 = Release|Any CPU
		{4581EC5B-EB14-4B1A-A85B-9D3B1087DBBE}.Release|x86.ActiveCfg = Release|x86
		{4581EC5B-EB14-4B1A-A85B-9D3B1087DBBE}.Release|x86.Build.0 = Release|x86
	EndGlobalSection
	GlobalSection(SolutionProperties) = preSolution
		HideSolutionNode = FALSE
	EndGlobalSection
	GlobalSection(NestedProjects) = preSolution
		{4030AC2F-4073-4F33-A529-6AF5B5D99B45} = {5E024A6D-DD45-421A-BF51-73DBA0A27E53}
		{CCDBE804-2312-444D-B7E7-C63FF1469795} = {5E024A6D-DD45-421A-BF51-73DBA0A27E53}
		{A893CFAA-FCDF-4055-A8D4-435CDE59445F} = {5E024A6D-DD45-421A-BF51-73DBA0A27E53}
		{1133D96A-E8E5-4C70-8E17-B9226A78093C} = {5E024A6D-DD45-421A-BF51-73DBA0A27E53}
		{F7069C5F-8327-471A-9C13-9764C11E3A56} = {5E024A6D-DD45-421A-BF51-73DBA0A27E53}
		{C67D8BD5-18C4-4D1D-83E6-03E04660884D} = {5E024A6D-DD45-421A-BF51-73DBA0A27E53}
		{4581EC5B-EB14-4B1A-A85B-9D3B1087DBBE} = {5E024A6D-DD45-421A-BF51-73DBA0A27E53}
		{93531142-EF4A-4406-BBF7-A900327D2566} = {362D3C07-F227-4E70-BA83-A3A6003AA1BE}
		{72CADC24-3ED8-4C14-8945-297A3B4235BA} = {362D3C07-F227-4E70-BA83-A3A6003AA1BE}
		{88B42AE9-58FA-4669-A746-05DA78EFCC01} = {362D3C07-F227-4E70-BA83-A3A6003AA1BE}
		{2B770F5C-421A-4C39-8933-C1DE62F025E6} = {362D3C07-F227-4E70-BA83-A3A6003AA1BE}
	EndGlobalSection
	GlobalSection(MonoDevelopProperties) = preSolution
		StartupItem = Test_Info\Test_Info.csproj
	EndGlobalSection
EndGlobal
