
Microsoft Visual Studio Solution File, Format Version 12.00
# Visual Studio 15
VisualStudioVersion = 15.0.26430.6
MinimumVisualStudioVersion = 10.0.40219.1
Project("{2150E333-8FDC-42A3-9474-1A3956D46DE8}") = "Examples", "Examples", "{5E024A6D-DD45-421A-BF51-73DBA0A27E53}"
EndProject
Project("{FAE04EC0-301F-11D3-BF4B-00C04F79EFBC}") = "Test_Info", "Test_Info\Test_Info.csproj", "{3EFEDA92-CAE3-4585-A519-439ACD58468A}"
EndProject
Project("{FAE04EC0-301F-11D3-BF4B-00C04F79EFBC}") = "Read.Write", "Examples\Read.Write\Read.Write.csproj", "{4030AC2F-4073-4F33-A529-6AF5B5D99B45}"
EndProject
Project("{FAE04EC0-301F-11D3-BF4B-00C04F79EFBC}") = "Read.Write.Event", "Examples\Read.Write.Event\Read.Write.Event.csproj", "{CCDBE804-2312-444D-B7E7-C63FF1469795}"
EndProject
Project("{FAE04EC0-301F-11D3-BF4B-00C04F79EFBC}") = "Read.Only", "Examples\Read.Only\Read.Only.csproj", "{1133D96A-E8E5-4C70-8E17-B9226A78093C}"
EndProject
Project("{FAE04EC0-301F-11D3-BF4B-00C04F79EFBC}") = "Show.Info", "Examples\Show.Info\Show.Info.csproj", "{F7069C5F-8327-471A-9C13-9764C11E3A56}"
EndProject
Project("{FAE04EC0-301F-11D3-BF4B-00C04F79EFBC}") = "Read.Write.Async", "Examples\Read.Write.Async\Read.Write.Async.csproj", "{C67D8BD5-18C4-4D1D-83E6-03E04660884D}"
EndProject
Project("{FAE04EC0-301F-11D3-BF4B-00C04F79EFBC}") = "BenchmarkCon", "BenchmarkCon\BenchmarkCon.csproj", "{D1D2E921-F735-4D04-B6B4-6F9A4B70F749}"
EndProject
Project("{FAE04EC0-301F-11D3-BF4B-00C04F79EFBC}") = "Read.Isochronous", "Examples\Read.Isochronous\Read.Isochronous.csproj", "{4581EC5B-EB14-4B1A-A85B-9D3B1087DBBE}"
EndProject
Project("{9A19103F-16F7-4668-BE54-9A1E7A4F7556}") = "LibUsbDotNet", "LibUsbDotNet\LibUsbDotNet.csproj", "{0A78F6FF-5586-4052-8104-E23FF83A7CE1}"
EndProject
Project("{9A19103F-16F7-4668-BE54-9A1E7A4F7556}") = "LibUsbDotNet.Generator", "LibUsbDotNet.Generator\LibUsbDotNet.Generator.csproj", "{51945A8A-A1A5-4DFE-8809-1D7C59C5A4DA}"
EndProject
Project("{9A19103F-16F7-4668-BE54-9A1E7A4F7556}") = "LibUsbDotNet.Tests", "LibUsbDotNet.Tests\LibUsbDotNet.Tests.csproj", "{519DDD94-3A95-4F0D-9B51-B6C75DE45F55}"
EndProject
Global
	GlobalSection(SolutionConfigurationPlatforms) = preSolution
		Debug|Any CPU = Debug|Any CPU
		Debug|x64 = Debug|x64
		Debug|x86 = Debug|x86
		Release|Any CPU = Release|Any CPU
		Release|x64 = Release|x64
		Release|x86 = Release|x86
	EndGlobalSection
	GlobalSection(ProjectConfigurationPlatforms) = postSolution
		{3EFEDA92-CAE3-4585-A519-439ACD58468A}.Debug|Any CPU.ActiveCfg = Debug|Any CPU
		{3EFEDA92-CAE3-4585-A519-439ACD58468A}.Debug|Any CPU.Build.0 = Debug|Any CPU
		{3EFEDA92-CAE3-4585-A519-439ACD58468A}.Debug|x64.ActiveCfg = Debug|Any CPU
		{3EFEDA92-CAE3-4585-A519-439ACD58468A}.Debug|x64.Build.0 = Debug|Any CPU
		{3EFEDA92-CAE3-4585-A519-439ACD58468A}.Debug|x86.ActiveCfg = Debug|x86
		{3EFEDA92-CAE3-4585-A519-439ACD58468A}.Debug|x86.Build.0 = Debug|x86
		{3EFEDA92-CAE3-4585-A519-439ACD58468A}.Release|Any CPU.ActiveCfg = Release|Any CPU
		{3EFEDA92-CAE3-4585-A519-439ACD58468A}.Release|Any CPU.Build.0 = Release|Any CPU
		{3EFEDA92-CAE3-4585-A519-439ACD58468A}.Release|x64.ActiveCfg = Release|Any CPU
		{3EFEDA92-CAE3-4585-A519-439ACD58468A}.Release|x64.Build.0 = Release|Any CPU
		{3EFEDA92-CAE3-4585-A519-439ACD58468A}.Release|x86.ActiveCfg = Release|x86
		{3EFEDA92-CAE3-4585-A519-439ACD58468A}.Release|x86.Build.0 = Release|x86
		{4030AC2F-4073-4F33-A529-6AF5B5D99B45}.Debug|Any CPU.ActiveCfg = Debug|Any CPU
		{4030AC2F-4073-4F33-A529-6AF5B5D99B45}.Debug|Any CPU.Build.0 = Debug|Any CPU
		{4030AC2F-4073-4F33-A529-6AF5B5D99B45}.Debug|x64.ActiveCfg = Debug|Any CPU
		{4030AC2F-4073-4F33-A529-6AF5B5D99B45}.Debug|x64.Build.0 = Debug|Any CPU
		{4030AC2F-4073-4F33-A529-6AF5B5D99B45}.Debug|x86.ActiveCfg = Debug|x86
		{4030AC2F-4073-4F33-A529-6AF5B5D99B45}.Debug|x86.Build.0 = Debug|x86
		{4030AC2F-4073-4F33-A529-6AF5B5D99B45}.Release|Any CPU.ActiveCfg = Release|Any CPU
		{4030AC2F-4073-4F33-A529-6AF5B5D99B45}.Release|Any CPU.Build.0 = Release|Any CPU
		{4030AC2F-4073-4F33-A529-6AF5B5D99B45}.Release|x64.ActiveCfg = Release|Any CPU
		{4030AC2F-4073-4F33-A529-6AF5B5D99B45}.Release|x64.Build.0 = Release|Any CPU
		{4030AC2F-4073-4F33-A529-6AF5B5D99B45}.Release|x86.ActiveCfg = Release|x86
		{4030AC2F-4073-4F33-A529-6AF5B5D99B45}.Release|x86.Build.0 = Release|x86
		{CCDBE804-2312-444D-B7E7-C63FF1469795}.Debug|Any CPU.ActiveCfg = Debug|Any CPU
		{CCDBE804-2312-444D-B7E7-C63FF1469795}.Debug|Any CPU.Build.0 = Debug|Any CPU
		{CCDBE804-2312-444D-B7E7-C63FF1469795}.Debug|x64.ActiveCfg = Debug|Any CPU
		{CCDBE804-2312-444D-B7E7-C63FF1469795}.Debug|x64.Build.0 = Debug|Any CPU
		{CCDBE804-2312-444D-B7E7-C63FF1469795}.Debug|x86.ActiveCfg = Debug|x86
		{CCDBE804-2312-444D-B7E7-C63FF1469795}.Debug|x86.Build.0 = Debug|x86
		{CCDBE804-2312-444D-B7E7-C63FF1469795}.Release|Any CPU.ActiveCfg = Release|Any CPU
		{CCDBE804-2312-444D-B7E7-C63FF1469795}.Release|Any CPU.Build.0 = Release|Any CPU
		{CCDBE804-2312-444D-B7E7-C63FF1469795}.Release|x64.ActiveCfg = Release|Any CPU
		{CCDBE804-2312-444D-B7E7-C63FF1469795}.Release|x64.Build.0 = Release|Any CPU
		{CCDBE804-2312-444D-B7E7-C63FF1469795}.Release|x86.ActiveCfg = Release|x86
		{CCDBE804-2312-444D-B7E7-C63FF1469795}.Release|x86.Build.0 = Release|x86
		{1133D96A-E8E5-4C70-8E17-B9226A78093C}.Debug|Any CPU.ActiveCfg = Debug|Any CPU
		{1133D96A-E8E5-4C70-8E17-B9226A78093C}.Debug|Any CPU.Build.0 = Debug|Any CPU
		{1133D96A-E8E5-4C70-8E17-B9226A78093C}.Debug|x64.ActiveCfg = Debug|Any CPU
		{1133D96A-E8E5-4C70-8E17-B9226A78093C}.Debug|x64.Build.0 = Debug|Any CPU
		{1133D96A-E8E5-4C70-8E17-B9226A78093C}.Debug|x86.ActiveCfg = Debug|x86
		{1133D96A-E8E5-4C70-8E17-B9226A78093C}.Debug|x86.Build.0 = Debug|x86
		{1133D96A-E8E5-4C70-8E17-B9226A78093C}.Release|Any CPU.ActiveCfg = Release|Any CPU
		{1133D96A-E8E5-4C70-8E17-B9226A78093C}.Release|Any CPU.Build.0 = Release|Any CPU
		{1133D96A-E8E5-4C70-8E17-B9226A78093C}.Release|x64.ActiveCfg = Release|Any CPU
		{1133D96A-E8E5-4C70-8E17-B9226A78093C}.Release|x64.Build.0 = Release|Any CPU
		{1133D96A-E8E5-4C70-8E17-B9226A78093C}.Release|x86.ActiveCfg = Release|x86
		{1133D96A-E8E5-4C70-8E17-B9226A78093C}.Release|x86.Build.0 = Release|x86
		{F7069C5F-8327-471A-9C13-9764C11E3A56}.Debug|Any CPU.ActiveCfg = Debug|Any CPU
		{F7069C5F-8327-471A-9C13-9764C11E3A56}.Debug|Any CPU.Build.0 = Debug|Any CPU
		{F7069C5F-8327-471A-9C13-9764C11E3A56}.Debug|x64.ActiveCfg = Debug|Any CPU
		{F7069C5F-8327-471A-9C13-9764C11E3A56}.Debug|x64.Build.0 = Debug|Any CPU
		{F7069C5F-8327-471A-9C13-9764C11E3A56}.Debug|x86.ActiveCfg = Debug|x86
		{F7069C5F-8327-471A-9C13-9764C11E3A56}.Debug|x86.Build.0 = Debug|x86
		{F7069C5F-8327-471A-9C13-9764C11E3A56}.Release|Any CPU.ActiveCfg = Release|Any CPU
		{F7069C5F-8327-471A-9C13-9764C11E3A56}.Release|Any CPU.Build.0 = Release|Any CPU
		{F7069C5F-8327-471A-9C13-9764C11E3A56}.Release|x64.ActiveCfg = Release|Any CPU
		{F7069C5F-8327-471A-9C13-9764C11E3A56}.Release|x64.Build.0 = Release|Any CPU
		{F7069C5F-8327-471A-9C13-9764C11E3A56}.Release|x86.ActiveCfg = Release|x86
		{F7069C5F-8327-471A-9C13-9764C11E3A56}.Release|x86.Build.0 = Release|x86
		{C67D8BD5-18C4-4D1D-83E6-03E04660884D}.Debug|Any CPU.ActiveCfg = Debug|Any CPU
		{C67D8BD5-18C4-4D1D-83E6-03E04660884D}.Debug|Any CPU.Build.0 = Debug|Any CPU
		{C67D8BD5-18C4-4D1D-83E6-03E04660884D}.Debug|x64.ActiveCfg = Debug|Any CPU
		{C67D8BD5-18C4-4D1D-83E6-03E04660884D}.Debug|x64.Build.0 = Debug|Any CPU
		{C67D8BD5-18C4-4D1D-83E6-03E04660884D}.Debug|x86.ActiveCfg = Debug|x86
		{C67D8BD5-18C4-4D1D-83E6-03E04660884D}.Debug|x86.Build.0 = Debug|x86
		{C67D8BD5-18C4-4D1D-83E6-03E04660884D}.Release|Any CPU.ActiveCfg = Release|Any CPU
		{C67D8BD5-18C4-4D1D-83E6-03E04660884D}.Release|Any CPU.Build.0 = Release|Any CPU
		{C67D8BD5-18C4-4D1D-83E6-03E04660884D}.Release|x64.ActiveCfg = Release|Any CPU
		{C67D8BD5-18C4-4D1D-83E6-03E04660884D}.Release|x64.Build.0 = Release|Any CPU
		{C67D8BD5-18C4-4D1D-83E6-03E04660884D}.Release|x86.ActiveCfg = Release|x86
		{C67D8BD5-18C4-4D1D-83E6-03E04660884D}.Release|x86.Build.0 = Release|x86
		{D1D2E921-F735-4D04-B6B4-6F9A4B70F749}.Debug|Any CPU.ActiveCfg = Debug|Any CPU
		{D1D2E921-F735-4D04-B6B4-6F9A4B70F749}.Debug|Any CPU.Build.0 = Debug|Any CPU
		{D1D2E921-F735-4D04-B6B4-6F9A4B70F749}.Debug|x64.ActiveCfg = Debug|Any CPU
		{D1D2E921-F735-4D04-B6B4-6F9A4B70F749}.Debug|x64.Build.0 = Debug|Any CPU
		{D1D2E921-F735-4D04-B6B4-6F9A4B70F749}.Debug|x86.ActiveCfg = Debug|x86
		{D1D2E921-F735-4D04-B6B4-6F9A4B70F749}.Debug|x86.Build.0 = Debug|x86
		{D1D2E921-F735-4D04-B6B4-6F9A4B70F749}.Release|Any CPU.ActiveCfg = Release|Any CPU
		{D1D2E921-F735-4D04-B6B4-6F9A4B70F749}.Release|Any CPU.Build.0 = Release|Any CPU
		{D1D2E921-F735-4D04-B6B4-6F9A4B70F749}.Release|x64.ActiveCfg = Release|Any CPU
		{D1D2E921-F735-4D04-B6B4-6F9A4B70F749}.Release|x64.Build.0 = Release|Any CPU
		{D1D2E921-F735-4D04-B6B4-6F9A4B70F749}.Release|x86.ActiveCfg = Release|x86
		{D1D2E921-F735-4D04-B6B4-6F9A4B70F749}.Release|x86.Build.0 = Release|x86
		{4581EC5B-EB14-4B1A-A85B-9D3B1087DBBE}.Debug|Any CPU.ActiveCfg = Debug|Any CPU
		{4581EC5B-EB14-4B1A-A85B-9D3B1087DBBE}.Debug|Any CPU.Build.0 = Debug|Any CPU
		{4581EC5B-EB14-4B1A-A85B-9D3B1087DBBE}.Debug|x64.ActiveCfg = Debug|Any CPU
		{4581EC5B-EB14-4B1A-A85B-9D3B1087DBBE}.Debug|x64.Build.0 = Debug|Any CPU
		{4581EC5B-EB14-4B1A-A85B-9D3B1087DBBE}.Debug|x86.ActiveCfg = Debug|x86
		{4581EC5B-EB14-4B1A-A85B-9D3B1087DBBE}.Debug|x86.Build.0 = Debug|x86
		{4581EC5B-EB14-4B1A-A85B-9D3B1087DBBE}.Release|Any CPU.ActiveCfg = Release|Any CPU
		{4581EC5B-EB14-4B1A-A85B-9D3B1087DBBE}.Release|Any CPU.Build.0 = Release|Any CPU
		{4581EC5B-EB14-4B1A-A85B-9D3B1087DBBE}.Release|x64.ActiveCfg = Release|Any CPU
		{4581EC5B-EB14-4B1A-A85B-9D3B1087DBBE}.Release|x64.Build.0 = Release|Any CPU
		{4581EC5B-EB14-4B1A-A85B-9D3B1087DBBE}.Release|x86.ActiveCfg = Release|x86
		{4581EC5B-EB14-4B1A-A85B-9D3B1087DBBE}.Release|x86.Build.0 = Release|x86
		{0A78F6FF-5586-4052-8104-E23FF83A7CE1}.Debug|Any CPU.ActiveCfg = Debug|Any CPU
		{0A78F6FF-5586-4052-8104-E23FF83A7CE1}.Debug|Any CPU.Build.0 = Debug|Any CPU
		{0A78F6FF-5586-4052-8104-E23FF83A7CE1}.Debug|x64.ActiveCfg = Debug|Any CPU
		{0A78F6FF-5586-4052-8104-E23FF83A7CE1}.Debug|x64.Build.0 = Debug|Any CPU
		{0A78F6FF-5586-4052-8104-E23FF83A7CE1}.Debug|x86.ActiveCfg = Debug|Any CPU
		{0A78F6FF-5586-4052-8104-E23FF83A7CE1}.Debug|x86.Build.0 = Debug|Any CPU
		{0A78F6FF-5586-4052-8104-E23FF83A7CE1}.Release|Any CPU.ActiveCfg = Release|Any CPU
		{0A78F6FF-5586-4052-8104-E23FF83A7CE1}.Release|Any CPU.Build.0 = Release|Any CPU
		{0A78F6FF-5586-4052-8104-E23FF83A7CE1}.Release|x64.ActiveCfg = Release|Any CPU
		{0A78F6FF-5586-4052-8104-E23FF83A7CE1}.Release|x64.Build.0 = Release|Any CPU
		{0A78F6FF-5586-4052-8104-E23FF83A7CE1}.Release|x86.ActiveCfg = Release|Any CPU
		{0A78F6FF-5586-4052-8104-E23FF83A7CE1}.Release|x86.Build.0 = Release|Any CPU
		{51945A8A-A1A5-4DFE-8809-1D7C59C5A4DA}.Debug|Any CPU.ActiveCfg = Debug|Any CPU
		{51945A8A-A1A5-4DFE-8809-1D7C59C5A4DA}.Debug|Any CPU.Build.0 = Debug|Any CPU
		{51945A8A-A1A5-4DFE-8809-1D7C59C5A4DA}.Debug|x64.ActiveCfg = Debug|Any CPU
		{51945A8A-A1A5-4DFE-8809-1D7C59C5A4DA}.Debug|x64.Build.0 = Debug|Any CPU
		{51945A8A-A1A5-4DFE-8809-1D7C59C5A4DA}.Debug|x86.ActiveCfg = Debug|Any CPU
		{51945A8A-A1A5-4DFE-8809-1D7C59C5A4DA}.Debug|x86.Build.0 = Debug|Any CPU
		{51945A8A-A1A5-4DFE-8809-1D7C59C5A4DA}.Release|Any CPU.ActiveCfg = Release|Any CPU
		{51945A8A-A1A5-4DFE-8809-1D7C59C5A4DA}.Release|Any CPU.Build.0 = Release|Any CPU
		{51945A8A-A1A5-4DFE-8809-1D7C59C5A4DA}.Release|x64.ActiveCfg = Release|Any CPU
		{51945A8A-A1A5-4DFE-8809-1D7C59C5A4DA}.Release|x64.Build.0 = Release|Any CPU
		{51945A8A-A1A5-4DFE-8809-1D7C59C5A4DA}.Release|x86.ActiveCfg = Release|Any CPU
		{51945A8A-A1A5-4DFE-8809-1D7C59C5A4DA}.Release|x86.Build.0 = Release|Any CPU
		{519DDD94-3A95-4F0D-9B51-B6C75DE45F55}.Debug|Any CPU.ActiveCfg = Debug|Any CPU
		{519DDD94-3A95-4F0D-9B51-B6C75DE45F55}.Debug|Any CPU.Build.0 = Debug|Any CPU
		{519DDD94-3A95-4F0D-9B51-B6C75DE45F55}.Debug|x64.ActiveCfg = Debug|Any CPU
		{519DDD94-3A95-4F0D-9B51-B6C75DE45F55}.Debug|x64.Build.0 = Debug|Any CPU
		{519DDD94-3A95-4F0D-9B51-B6C75DE45F55}.Debug|x86.ActiveCfg = Debug|Any CPU
		{519DDD94-3A95-4F0D-9B51-B6C75DE45F55}.Debug|x86.Build.0 = Debug|Any CPU
		{519DDD94-3A95-4F0D-9B51-B6C75DE45F55}.Release|Any CPU.ActiveCfg = Release|Any CPU
		{519DDD94-3A95-4F0D-9B51-B6C75DE45F55}.Release|Any CPU.Build.0 = Release|Any CPU
		{519DDD94-3A95-4F0D-9B51-B6C75DE45F55}.Release|x64.ActiveCfg = Release|Any CPU
		{519DDD94-3A95-4F0D-9B51-B6C75DE45F55}.Release|x64.Build.0 = Release|Any CPU
		{519DDD94-3A95-4F0D-9B51-B6C75DE45F55}.Release|x86.ActiveCfg = Release|Any CPU
		{519DDD94-3A95-4F0D-9B51-B6C75DE45F55}.Release|x86.Build.0 = Release|Any CPU
	EndGlobalSection
	GlobalSection(SolutionProperties) = preSolution
		HideSolutionNode = FALSE
	EndGlobalSection
	GlobalSection(NestedProjects) = preSolution
		{4030AC2F-4073-4F33-A529-6AF5B5D99B45} = {5E024A6D-DD45-421A-BF51-73DBA0A27E53}
		{CCDBE804-2312-444D-B7E7-C63FF1469795} = {5E024A6D-DD45-421A-BF51-73DBA0A27E53}
		{1133D96A-E8E5-4C70-8E17-B9226A78093C} = {5E024A6D-DD45-421A-BF51-73DBA0A27E53}
		{F7069C5F-8327-471A-9C13-9764C11E3A56} = {5E024A6D-DD45-421A-BF51-73DBA0A27E53}
		{C67D8BD5-18C4-4D1D-83E6-03E04660884D} = {5E024A6D-DD45-421A-BF51-73DBA0A27E53}
		{4581EC5B-EB14-4B1A-A85B-9D3B1087DBBE} = {5E024A6D-DD45-421A-BF51-73DBA0A27E53}
	EndGlobalSection
	GlobalSection(ExtensibilityGlobals) = postSolution
		SolutionGuid = {172DABE3-7B01-4538-9AE4-4B3C258A4E35}
	EndGlobalSection
	GlobalSection(MonoDevelopProperties) = preSolution
		StartupItem = Test_Info\Test_Info.csproj
	EndGlobalSection
EndGlobal
